
Microsoft Visual Studio Solution File, Format Version 12.00
# Visual Studio 2013
VisualStudioVersion = 12.0.30110.0
MinimumVisualStudioVersion = 10.0.40219.1
Project("{FAE04EC0-301F-11D3-BF4B-00C04F79EFBC}") = "Backend.Utils", "Backend.Utils\Backend.Utils.csproj", "{0593F317-D7CE-4E7C-816A-F895505366D7}"
EndProject
Project("{2150E333-8FDC-42A3-9474-1A3956D46DE8}") = "docs", "docs", "{770A0430-C729-496A-9E7E-57FC402DFEDB}"
	ProjectSection(SolutionItems) = preProject
		README.md = README.md
	EndProjectSection
EndProject
Project("{FAE04EC0-301F-11D3-BF4B-00C04F79EFBC}") = "Backend.GameLogic", "Backend.GameLogic\Backend.GameLogic.csproj", "{A70B2016-1D1C-4E31-B887-3ECFF4C27CF9}"
EndProject
Project("{FAE04EC0-301F-11D3-BF4B-00C04F79EFBC}") = "Backend.GameServer", "Backend.GameServer\Backend.GameServer.csproj", "{A1AE1509-03FE-4A32-8A2C-46A2D2EC966B}"
EndProject
Project("{FAE04EC0-301F-11D3-BF4B-00C04F79EFBC}") = "Backend.LobbyServer", "Backend.LobbyServer\Backend.LobbyServer.csproj", "{0F7EAD82-5646-47DF-A7FB-F6E06DB435E4}"
EndProject
Project("{FAE04EC0-301F-11D3-BF4B-00C04F79EFBC}") = "Client", "Client\Client.csproj", "{30F81D4D-6B84-4DB4-94DA-4CB5D58EA509}"
EndProject
Project("{2150E333-8FDC-42A3-9474-1A3956D46DE8}") = ".nuget", ".nuget", "{3D88DE21-1848-4CAE-A8D0-543C5E5813CF}"
	ProjectSection(SolutionItems) = preProject
		.nuget\NuGet.Config = .nuget\NuGet.Config
		.nuget\NuGet.exe = .nuget\NuGet.exe
		.nuget\NuGet.targets = .nuget\NuGet.targets
	EndProjectSection
EndProject
Project("{CC5FD16D-436D-48AD-A40C-5A424C6E3E79}") = "Cloud.LobbyService", "Cloud.LobbyService\Cloud.LobbyService.ccproj", "{B1E50017-7763-49C0-951F-2D7A2BF28A8D}"
EndProject
Project("{FAE04EC0-301F-11D3-BF4B-00C04F79EFBC}") = "Cloud.LobbyService.WorkerRole", "Cloud.LobbyService.WorkerRole\Cloud.LobbyService.WorkerRole.csproj", "{58ABC7F0-EA51-41D7-8B76-6E5D930F6F77}"
EndProject
Global
	GlobalSection(SolutionConfigurationPlatforms) = preSolution
		Debug|Any CPU = Debug|Any CPU
		Release|Any CPU = Release|Any CPU
	EndGlobalSection
	GlobalSection(ProjectConfigurationPlatforms) = postSolution
		{0593F317-D7CE-4E7C-816A-F895505366D7}.Debug|Any CPU.ActiveCfg = Debug|Any CPU
		{0593F317-D7CE-4E7C-816A-F895505366D7}.Debug|Any CPU.Build.0 = Debug|Any CPU
		{0593F317-D7CE-4E7C-816A-F895505366D7}.Release|Any CPU.ActiveCfg = Release|Any CPU
		{0593F317-D7CE-4E7C-816A-F895505366D7}.Release|Any CPU.Build.0 = Release|Any CPU
		{A70B2016-1D1C-4E31-B887-3ECFF4C27CF9}.Debug|Any CPU.ActiveCfg = Debug|Any CPU
		{A70B2016-1D1C-4E31-B887-3ECFF4C27CF9}.Debug|Any CPU.Build.0 = Debug|Any CPU
		{A70B2016-1D1C-4E31-B887-3ECFF4C27CF9}.Release|Any CPU.ActiveCfg = Release|Any CPU
		{A70B2016-1D1C-4E31-B887-3ECFF4C27CF9}.Release|Any CPU.Build.0 = Release|Any CPU
		{A1AE1509-03FE-4A32-8A2C-46A2D2EC966B}.Debug|Any CPU.ActiveCfg = Debug|Any CPU
		{A1AE1509-03FE-4A32-8A2C-46A2D2EC966B}.Debug|Any CPU.Build.0 = Debug|Any CPU
		{A1AE1509-03FE-4A32-8A2C-46A2D2EC966B}.Release|Any CPU.ActiveCfg = Release|Any CPU
		{A1AE1509-03FE-4A32-8A2C-46A2D2EC966B}.Release|Any CPU.Build.0 = Release|Any CPU
		{0F7EAD82-5646-47DF-A7FB-F6E06DB435E4}.Debug|Any CPU.ActiveCfg = Debug|Any CPU
		{0F7EAD82-5646-47DF-A7FB-F6E06DB435E4}.Debug|Any CPU.Build.0 = Debug|Any CPU
		{0F7EAD82-5646-47DF-A7FB-F6E06DB435E4}.Release|Any CPU.ActiveCfg = Release|Any CPU
		{0F7EAD82-5646-47DF-A7FB-F6E06DB435E4}.Release|Any CPU.Build.0 = Release|Any CPU
		{30F81D4D-6B84-4DB4-94DA-4CB5D58EA509}.Debug|Any CPU.ActiveCfg = Debug|Any CPU
		{30F81D4D-6B84-4DB4-94DA-4CB5D58EA509}.Debug|Any CPU.Build.0 = Debug|Any CPU
		{30F81D4D-6B84-4DB4-94DA-4CB5D58EA509}.Release|Any CPU.ActiveCfg = Release|Any CPU
		{30F81D4D-6B84-4DB4-94DA-4CB5D58EA509}.Release|Any CPU.Build.0 = Release|Any CPU
		{B1E50017-7763-49C0-951F-2D7A2BF28A8D}.Debug|Any CPU.ActiveCfg = Debug|Any CPU
		{B1E50017-7763-49C0-951F-2D7A2BF28A8D}.Debug|Any CPU.Build.0 = Debug|Any CPU
		{B1E50017-7763-49C0-951F-2D7A2BF28A8D}.Release|Any CPU.ActiveCfg = Release|Any CPU
		{B1E50017-7763-49C0-951F-2D7A2BF28A8D}.Release|Any CPU.Build.0 = Release|Any CPU
		{58ABC7F0-EA51-41D7-8B76-6E5D930F6F77}.Debug|Any CPU.ActiveCfg = Debug|Any CPU
		{58ABC7F0-EA51-41D7-8B76-6E5D930F6F77}.Debug|Any CPU.Build.0 = Debug|Any CPU
		{58ABC7F0-EA51-41D7-8B76-6E5D930F6F77}.Release|Any CPU.ActiveCfg = Release|Any CPU
		{58ABC7F0-EA51-41D7-8B76-6E5D930F6F77}.Release|Any CPU.Build.0 = Release|Any CPU
	EndGlobalSection
	GlobalSection(SolutionProperties) = preSolution
		HideSolutionNode = FALSE
	EndGlobalSection
EndGlobal
